
Microsoft Visual Studio Solution File, Format Version 12.00
# Visual Studio Version 17
VisualStudioVersion = 17.11.35303.130
MinimumVisualStudioVersion = 10.0.40219.1
Project("{2150E333-8FDC-42A3-9474-1A3956D46DE8}") = "Task0", "Task0", "{FDB130B4-BC2A-4199-B43A-52CF210BF9DB}"
EndProject
Project("{2150E333-8FDC-42A3-9474-1A3956D46DE8}") = "Task1", "Task1", "{D677BC79-64FE-4507-94B9-624D2D7DEA71}"
EndProject
Project("{2150E333-8FDC-42A3-9474-1A3956D46DE8}") = "Task2", "Task2", "{8F890D94-7439-4F34-B075-0A176803B9BA}"
EndProject
Project("{2150E333-8FDC-42A3-9474-1A3956D46DE8}") = "Task3", "Task3", "{BA1EBFF3-FDF8-43D6-AF88-12BDA6EC9736}"
EndProject
Project("{2150E333-8FDC-42A3-9474-1A3956D46DE8}") = "Task4", "Task4", "{870E890E-BE8F-4B80-84D8-A91AC9348836}"
EndProject
Project("{2150E333-8FDC-42A3-9474-1A3956D46DE8}") = "Task5", "Task5", "{79B72B48-BD33-418A-8230-F91C1C548012}"
EndProject
Project("{2150E333-8FDC-42A3-9474-1A3956D46DE8}") = "Task6", "Task6", "{3EF9134E-2F0C-4D8E-94FB-90D1D143E8AE}"
EndProject
Project("{2150E333-8FDC-42A3-9474-1A3956D46DE8}") = "Task7", "Task7", "{D95DD160-F5DF-40E0-9668-E15BE590046D}"
EndProject
Project("{9A19103F-16F7-4668-BE54-9A1E7A4F7556}") = "Tyuiu.TimoninIA.Sprint5.Task0.V1", "Tyuiu.TimoninIA.Sprint5.Task0.V1\Tyuiu.TimoninIA.Sprint5.Task0.V1.csproj", "{1C9B9AEB-AA62-4B05-BD3E-85D4CC78C249}"
EndProject
Project("{9A19103F-16F7-4668-BE54-9A1E7A4F7556}") = "Tyuiu.TimoninIA.Sprint5.Task0.V1.Lib", "Tyuiu.TimoninIA.Sprint5.Task0.V1.Lib\Tyuiu.TimoninIA.Sprint5.Task0.V1.Lib.csproj", "{F99C094B-7700-4B99-982D-C0BC262FCD3D}"
EndProject
Project("{9A19103F-16F7-4668-BE54-9A1E7A4F7556}") = "Tyuiu.TimoninIA.Sprint5.Task0.V1.Test", "Tyuiu.TimoninIA.Sprint5.Task0.V1.Test\Tyuiu.TimoninIA.Sprint5.Task0.V1.Test.csproj", "{5FDADCA1-A128-413A-B9D6-4FFE8712806C}"
EndProject
Project("{9A19103F-16F7-4668-BE54-9A1E7A4F7556}") = "Tyuiu.TimoninIA.Sprint5.Task1.V16", "Tyuiu.TimoninIA.Sprint5.Task1.V16\Tyuiu.TimoninIA.Sprint5.Task1.V16.csproj", "{174A7F95-6EDF-4202-938C-9B8EE3F83AAD}"
EndProject
Project("{9A19103F-16F7-4668-BE54-9A1E7A4F7556}") = "Tyuiu.TimoninIA.Sprint5.Task1.V16.Lib", "Tyuiu.TimoninIA.Sprint5.Task1.V16.Lib\Tyuiu.TimoninIA.Sprint5.Task1.V16.Lib.csproj", "{DF36CA78-0335-4777-9D86-98704E2FE70A}"
EndProject
Project("{9A19103F-16F7-4668-BE54-9A1E7A4F7556}") = "Tyuiu.TimoninIA.Sprint5.Task1.V16.Test", "Tyuiu.TimoninIA.Sprint5.Task1.V16.Test\Tyuiu.TimoninIA.Sprint5.Task1.V16.Test.csproj", "{1D72FB2F-D0C7-4DCC-A838-0BC9D6A8C1F2}"
EndProject
Project("{9A19103F-16F7-4668-BE54-9A1E7A4F7556}") = "Tyuiu.TimoninIA.Sprint5.Task2.V22", "Tyuiu.TimoninIA.Sprint5.Task2.V22\Tyuiu.TimoninIA.Sprint5.Task2.V22.csproj", "{C4737E9B-1507-45FA-A040-FBE7B2A45809}"
EndProject
Project("{9A19103F-16F7-4668-BE54-9A1E7A4F7556}") = "Tyuiu.TimoninIA.Sprint5.Task2.V22.Lib", "Tyuiu.TimoninIA.Sprint5.Task2.V22.Lib\Tyuiu.TimoninIA.Sprint5.Task2.V22.Lib.csproj", "{BE26A883-A913-423B-8EC7-89AE42B6FCB4}"
EndProject
Project("{9A19103F-16F7-4668-BE54-9A1E7A4F7556}") = "Tyuiu.TimoninIA.Sprint5.Task2.V22.Test", "Tyuiu.TimoninIA.Sprint5.Task2.V22.Test\Tyuiu.TimoninIA.Sprint5.Task2.V22.Test.csproj", "{EC7CA058-D4F6-46D6-BFCE-B0ABE1970DEE}"
EndProject
Project("{9A19103F-16F7-4668-BE54-9A1E7A4F7556}") = "Tyuiu.TimoninIA.Sprint5.Task3.V29", "Tyuiu.TimoninIA.Sprint5.Task3.V29\Tyuiu.TimoninIA.Sprint5.Task3.V29.csproj", "{D4664821-EDDC-407A-82EA-E024C7FC4F9D}"
EndProject
Project("{9A19103F-16F7-4668-BE54-9A1E7A4F7556}") = "Tyuiu.TimoninIA.Sprint5.Task3.V29.Lib", "Tyuiu.TimoninIA.Sprint5.Task3.V29.Lib\Tyuiu.TimoninIA.Sprint5.Task3.V29.Lib.csproj", "{031E6EAC-EC0E-40EA-9899-2F04240E2226}"
EndProject
Project("{9A19103F-16F7-4668-BE54-9A1E7A4F7556}") = "Tyuiu.TimoninIA.Sprint5.Task3.V29.Test", "Tyuiu.TimoninIA.Sprint5.Task3.V29.Test\Tyuiu.TimoninIA.Sprint5.Task3.V29.Test.csproj", "{DAFA38A2-4793-48E2-BBB1-189A4F277A05}"
EndProject
Project("{9A19103F-16F7-4668-BE54-9A1E7A4F7556}") = "Tyuiu.TimoninIA.Sprint5.Task4.V4", "Tyuiu.TimoninIA.Sprint5.Task4.V4\Tyuiu.TimoninIA.Sprint5.Task4.V4.csproj", "{3091EA42-864B-4EDC-85FB-58FF93574248}"
EndProject
Project("{9A19103F-16F7-4668-BE54-9A1E7A4F7556}") = "Tyuiu.TimoninIA.Sprint5.Task4.V4.Lib", "Tyuiu.TimoninIA.Sprint5.Task4.V4.Lib\Tyuiu.TimoninIA.Sprint5.Task4.V4.Lib.csproj", "{72E99445-28A4-4D26-91E6-BFFE057ACB4C}"
EndProject
Project("{9A19103F-16F7-4668-BE54-9A1E7A4F7556}") = "Tyuiu.TimoninIA.Sprint5.Task4.V4.Test", "Tyuiu.TimoninIA.Sprint5.Task4.V4.Test\Tyuiu.TimoninIA.Sprint5.Task4.V4.Test.csproj", "{4136073E-B3A6-4DA1-B334-2A0E5F5DC779}"
EndProject
Project("{FAE04EC0-301F-11D3-BF4B-00C04F79EFBC}") = "Tyuiu.TimoninIA.Sprint5.Task5.V25", "Tyuiu.TimoninIA.Sprint5.Task5.V25\Tyuiu.TimoninIA.Sprint5.Task5.V25.csproj", "{01586F1A-B35E-466D-B81A-2F97B9F2CB37}"
EndProject
Project("{FAE04EC0-301F-11D3-BF4B-00C04F79EFBC}") = "Tyuiu.TimoninIA.Sprint5.Task5.V25.Lib", "Tyuiu.TimoninIA.Sprint5.Task5.V25.Lib\Tyuiu.TimoninIA.Sprint5.Task5.V25.Lib.csproj", "{757E998B-7704-465D-AB8B-EA678DA002C6}"
EndProject
Project("{FAE04EC0-301F-11D3-BF4B-00C04F79EFBC}") = "Tyuiu.TimoninIA.Sprint5.Task5.V25.Test", "Tyuiu.TimoninIA.Sprint5.Task5.V25.Test\Tyuiu.TimoninIA.Sprint5.Task5.V25.Test.csproj", "{CB7320A0-A3FB-4285-B92C-580EBA57C2AD}"
EndProject
Project("{FAE04EC0-301F-11D3-BF4B-00C04F79EFBC}") = "Tyuiu.TimoninIA.Sprint5.Task6.V5", "Tyuiu.TimoninIA.Sprint5.Task6.V5\Tyuiu.TimoninIA.Sprint5.Task6.V5.csproj", "{9FBE28CD-72A2-41AF-97FD-00A30402B97B}"
EndProject
Project("{FAE04EC0-301F-11D3-BF4B-00C04F79EFBC}") = "Tyuiu.TimoninIA.Sprint5.Task6.V5.Lib", "Tyuiu.TimoninIA.Sprint5.Task6.V5.Lib\Tyuiu.TimoninIA.Sprint5.Task6.V5.Lib.csproj", "{CA859B8B-2114-4C7F-B1C7-EEF82B8BA63E}"
EndProject
Project("{FAE04EC0-301F-11D3-BF4B-00C04F79EFBC}") = "Tyuiu.TimoninIA.Sprint5.Task6.V5.Test", "Tyuiu.TimoninIA.Sprint5.Task6.V5.Test\Tyuiu.TimoninIA.Sprint5.Task6.V5.Test.csproj", "{106509DD-C373-47A2-A2FF-AD27693613CE}"
EndProject
Project("{FAE04EC0-301F-11D3-BF4B-00C04F79EFBC}") = "Tyuiu.TimoninIA.Sprint5.Task7.V13", "Tyuiu.TimoninIA.Sprint5.Task7.V13\Tyuiu.TimoninIA.Sprint5.Task7.V13.csproj", "{E577D489-2CF7-4E31-9193-1046B04B9BCF}"
EndProject
Project("{FAE04EC0-301F-11D3-BF4B-00C04F79EFBC}") = "Tyuiu.TimoninIA.Sprint5.Task7.V13.Lib", "Tyuiu.TimoninIA.Sprint5.Task7.V13.Lib\Tyuiu.TimoninIA.Sprint5.Task7.V13.Lib.csproj", "{02A355B4-AD8F-4100-8342-AB9BD2DB408D}"
EndProject
Project("{FAE04EC0-301F-11D3-BF4B-00C04F79EFBC}") = "Tyuiu.TimoninIA.Sprint5.Task7.V13.Test", "Tyuiu.TimoninIA.Sprint5.Task7.V13.Test\Tyuiu.TimoninIA.Sprint5.Task7.V13.Test.csproj", "{E6B900FB-8537-4182-847B-E30F668D79D0}"
EndProject
Global
	GlobalSection(SolutionConfigurationPlatforms) = preSolution
		Debug|Any CPU = Debug|Any CPU
		Release|Any CPU = Release|Any CPU
	EndGlobalSection
	GlobalSection(ProjectConfigurationPlatforms) = postSolution
		{1C9B9AEB-AA62-4B05-BD3E-85D4CC78C249}.Debug|Any CPU.ActiveCfg = Debug|Any CPU
		{1C9B9AEB-AA62-4B05-BD3E-85D4CC78C249}.Debug|Any CPU.Build.0 = Debug|Any CPU
		{1C9B9AEB-AA62-4B05-BD3E-85D4CC78C249}.Release|Any CPU.ActiveCfg = Release|Any CPU
		{1C9B9AEB-AA62-4B05-BD3E-85D4CC78C249}.Release|Any CPU.Build.0 = Release|Any CPU
		{F99C094B-7700-4B99-982D-C0BC262FCD3D}.Debug|Any CPU.ActiveCfg = Debug|Any CPU
		{F99C094B-7700-4B99-982D-C0BC262FCD3D}.Debug|Any CPU.Build.0 = Debug|Any CPU
		{F99C094B-7700-4B99-982D-C0BC262FCD3D}.Release|Any CPU.ActiveCfg = Release|Any CPU
		{F99C094B-7700-4B99-982D-C0BC262FCD3D}.Release|Any CPU.Build.0 = Release|Any CPU
		{5FDADCA1-A128-413A-B9D6-4FFE8712806C}.Debug|Any CPU.ActiveCfg = Debug|Any CPU
		{5FDADCA1-A128-413A-B9D6-4FFE8712806C}.Debug|Any CPU.Build.0 = Debug|Any CPU
		{5FDADCA1-A128-413A-B9D6-4FFE8712806C}.Release|Any CPU.ActiveCfg = Release|Any CPU
		{5FDADCA1-A128-413A-B9D6-4FFE8712806C}.Release|Any CPU.Build.0 = Release|Any CPU
		{174A7F95-6EDF-4202-938C-9B8EE3F83AAD}.Debug|Any CPU.ActiveCfg = Debug|Any CPU
		{174A7F95-6EDF-4202-938C-9B8EE3F83AAD}.Debug|Any CPU.Build.0 = Debug|Any CPU
		{174A7F95-6EDF-4202-938C-9B8EE3F83AAD}.Release|Any CPU.ActiveCfg = Release|Any CPU
		{174A7F95-6EDF-4202-938C-9B8EE3F83AAD}.Release|Any CPU.Build.0 = Release|Any CPU
		{DF36CA78-0335-4777-9D86-98704E2FE70A}.Debug|Any CPU.ActiveCfg = Debug|Any CPU
		{DF36CA78-0335-4777-9D86-98704E2FE70A}.Debug|Any CPU.Build.0 = Debug|Any CPU
		{DF36CA78-0335-4777-9D86-98704E2FE70A}.Release|Any CPU.ActiveCfg = Release|Any CPU
		{DF36CA78-0335-4777-9D86-98704E2FE70A}.Release|Any CPU.Build.0 = Release|Any CPU
		{1D72FB2F-D0C7-4DCC-A838-0BC9D6A8C1F2}.Debug|Any CPU.ActiveCfg = Debug|Any CPU
		{1D72FB2F-D0C7-4DCC-A838-0BC9D6A8C1F2}.Debug|Any CPU.Build.0 = Debug|Any CPU
		{1D72FB2F-D0C7-4DCC-A838-0BC9D6A8C1F2}.Release|Any CPU.ActiveCfg = Release|Any CPU
		{1D72FB2F-D0C7-4DCC-A838-0BC9D6A8C1F2}.Release|Any CPU.Build.0 = Release|Any CPU
		{C4737E9B-1507-45FA-A040-FBE7B2A45809}.Debug|Any CPU.ActiveCfg = Debug|Any CPU
		{C4737E9B-1507-45FA-A040-FBE7B2A45809}.Debug|Any CPU.Build.0 = Debug|Any CPU
		{C4737E9B-1507-45FA-A040-FBE7B2A45809}.Release|Any CPU.ActiveCfg = Release|Any CPU
		{C4737E9B-1507-45FA-A040-FBE7B2A45809}.Release|Any CPU.Build.0 = Release|Any CPU
		{BE26A883-A913-423B-8EC7-89AE42B6FCB4}.Debug|Any CPU.ActiveCfg = Debug|Any CPU
		{BE26A883-A913-423B-8EC7-89AE42B6FCB4}.Debug|Any CPU.Build.0 = Debug|Any CPU
		{BE26A883-A913-423B-8EC7-89AE42B6FCB4}.Release|Any CPU.ActiveCfg = Release|Any CPU
		{BE26A883-A913-423B-8EC7-89AE42B6FCB4}.Release|Any CPU.Build.0 = Release|Any CPU
		{EC7CA058-D4F6-46D6-BFCE-B0ABE1970DEE}.Debug|Any CPU.ActiveCfg = Debug|Any CPU
		{EC7CA058-D4F6-46D6-BFCE-B0ABE1970DEE}.Debug|Any CPU.Build.0 = Debug|Any CPU
		{EC7CA058-D4F6-46D6-BFCE-B0ABE1970DEE}.Release|Any CPU.ActiveCfg = Release|Any CPU
		{EC7CA058-D4F6-46D6-BFCE-B0ABE1970DEE}.Release|Any CPU.Build.0 = Release|Any CPU
		{D4664821-EDDC-407A-82EA-E024C7FC4F9D}.Debug|Any CPU.ActiveCfg = Debug|Any CPU
		{D4664821-EDDC-407A-82EA-E024C7FC4F9D}.Debug|Any CPU.Build.0 = Debug|Any CPU
		{D4664821-EDDC-407A-82EA-E024C7FC4F9D}.Release|Any CPU.ActiveCfg = Release|Any CPU
		{D4664821-EDDC-407A-82EA-E024C7FC4F9D}.Release|Any CPU.Build.0 = Release|Any CPU
		{031E6EAC-EC0E-40EA-9899-2F04240E2226}.Debug|Any CPU.ActiveCfg = Debug|Any CPU
		{031E6EAC-EC0E-40EA-9899-2F04240E2226}.Debug|Any CPU.Build.0 = Debug|Any CPU
		{031E6EAC-EC0E-40EA-9899-2F04240E2226}.Release|Any CPU.ActiveCfg = Release|Any CPU
		{031E6EAC-EC0E-40EA-9899-2F04240E2226}.Release|Any CPU.Build.0 = Release|Any CPU
		{DAFA38A2-4793-48E2-BBB1-189A4F277A05}.Debug|Any CPU.ActiveCfg = Debug|Any CPU
		{DAFA38A2-4793-48E2-BBB1-189A4F277A05}.Debug|Any CPU.Build.0 = Debug|Any CPU
		{DAFA38A2-4793-48E2-BBB1-189A4F277A05}.Release|Any CPU.ActiveCfg = Release|Any CPU
		{DAFA38A2-4793-48E2-BBB1-189A4F277A05}.Release|Any CPU.Build.0 = Release|Any CPU
		{3091EA42-864B-4EDC-85FB-58FF93574248}.Debug|Any CPU.ActiveCfg = Debug|Any CPU
		{3091EA42-864B-4EDC-85FB-58FF93574248}.Debug|Any CPU.Build.0 = Debug|Any CPU
		{3091EA42-864B-4EDC-85FB-58FF93574248}.Release|Any CPU.ActiveCfg = Release|Any CPU
		{3091EA42-864B-4EDC-85FB-58FF93574248}.Release|Any CPU.Build.0 = Release|Any CPU
		{72E99445-28A4-4D26-91E6-BFFE057ACB4C}.Debug|Any CPU.ActiveCfg = Debug|Any CPU
		{72E99445-28A4-4D26-91E6-BFFE057ACB4C}.Debug|Any CPU.Build.0 = Debug|Any CPU
		{72E99445-28A4-4D26-91E6-BFFE057ACB4C}.Release|Any CPU.ActiveCfg = Release|Any CPU
		{72E99445-28A4-4D26-91E6-BFFE057ACB4C}.Release|Any CPU.Build.0 = Release|Any CPU
		{4136073E-B3A6-4DA1-B334-2A0E5F5DC779}.Debug|Any CPU.ActiveCfg = Debug|Any CPU
		{4136073E-B3A6-4DA1-B334-2A0E5F5DC779}.Debug|Any CPU.Build.0 = Debug|Any CPU
		{4136073E-B3A6-4DA1-B334-2A0E5F5DC779}.Release|Any CPU.ActiveCfg = Release|Any CPU
		{4136073E-B3A6-4DA1-B334-2A0E5F5DC779}.Release|Any CPU.Build.0 = Release|Any CPU
		{01586F1A-B35E-466D-B81A-2F97B9F2CB37}.Debug|Any CPU.ActiveCfg = Debug|Any CPU
		{01586F1A-B35E-466D-B81A-2F97B9F2CB37}.Debug|Any CPU.Build.0 = Debug|Any CPU
		{01586F1A-B35E-466D-B81A-2F97B9F2CB37}.Release|Any CPU.ActiveCfg = Release|Any CPU
		{01586F1A-B35E-466D-B81A-2F97B9F2CB37}.Release|Any CPU.Build.0 = Release|Any CPU
		{757E998B-7704-465D-AB8B-EA678DA002C6}.Debug|Any CPU.ActiveCfg = Debug|Any CPU
		{757E998B-7704-465D-AB8B-EA678DA002C6}.Debug|Any CPU.Build.0 = Debug|Any CPU
		{757E998B-7704-465D-AB8B-EA678DA002C6}.Release|Any CPU.ActiveCfg = Release|Any CPU
		{757E998B-7704-465D-AB8B-EA678DA002C6}.Release|Any CPU.Build.0 = Release|Any CPU
		{CB7320A0-A3FB-4285-B92C-580EBA57C2AD}.Debug|Any CPU.ActiveCfg = Debug|Any CPU
		{CB7320A0-A3FB-4285-B92C-580EBA57C2AD}.Debug|Any CPU.Build.0 = Debug|Any CPU
		{CB7320A0-A3FB-4285-B92C-580EBA57C2AD}.Release|Any CPU.ActiveCfg = Release|Any CPU
		{CB7320A0-A3FB-4285-B92C-580EBA57C2AD}.Release|Any CPU.Build.0 = Release|Any CPU
		{9FBE28CD-72A2-41AF-97FD-00A30402B97B}.Debug|Any CPU.ActiveCfg = Debug|Any CPU
		{9FBE28CD-72A2-41AF-97FD-00A30402B97B}.Debug|Any CPU.Build.0 = Debug|Any CPU
		{9FBE28CD-72A2-41AF-97FD-00A30402B97B}.Release|Any CPU.ActiveCfg = Release|Any CPU
		{9FBE28CD-72A2-41AF-97FD-00A30402B97B}.Release|Any CPU.Build.0 = Release|Any CPU
		{CA859B8B-2114-4C7F-B1C7-EEF82B8BA63E}.Debug|Any CPU.ActiveCfg = Debug|Any CPU
		{CA859B8B-2114-4C7F-B1C7-EEF82B8BA63E}.Debug|Any CPU.Build.0 = Debug|Any CPU
		{CA859B8B-2114-4C7F-B1C7-EEF82B8BA63E}.Release|Any CPU.ActiveCfg = Release|Any CPU
		{CA859B8B-2114-4C7F-B1C7-EEF82B8BA63E}.Release|Any CPU.Build.0 = Release|Any CPU
		{106509DD-C373-47A2-A2FF-AD27693613CE}.Debug|Any CPU.ActiveCfg = Debug|Any CPU
		{106509DD-C373-47A2-A2FF-AD27693613CE}.Debug|Any CPU.Build.0 = Debug|Any CPU
		{106509DD-C373-47A2-A2FF-AD27693613CE}.Release|Any CPU.ActiveCfg = Release|Any CPU
		{106509DD-C373-47A2-A2FF-AD27693613CE}.Release|Any CPU.Build.0 = Release|Any CPU
		{E577D489-2CF7-4E31-9193-1046B04B9BCF}.Debug|Any CPU.ActiveCfg = Debug|Any CPU
		{E577D489-2CF7-4E31-9193-1046B04B9BCF}.Debug|Any CPU.Build.0 = Debug|Any CPU
		{E577D489-2CF7-4E31-9193-1046B04B9BCF}.Release|Any CPU.ActiveCfg = Release|Any CPU
		{E577D489-2CF7-4E31-9193-1046B04B9BCF}.Release|Any CPU.Build.0 = Release|Any CPU
		{02A355B4-AD8F-4100-8342-AB9BD2DB408D}.Debug|Any CPU.ActiveCfg = Debug|Any CPU
		{02A355B4-AD8F-4100-8342-AB9BD2DB408D}.Debug|Any CPU.Build.0 = Debug|Any CPU
		{02A355B4-AD8F-4100-8342-AB9BD2DB408D}.Release|Any CPU.ActiveCfg = Release|Any CPU
		{02A355B4-AD8F-4100-8342-AB9BD2DB408D}.Release|Any CPU.Build.0 = Release|Any CPU
		{E6B900FB-8537-4182-847B-E30F668D79D0}.Debug|Any CPU.ActiveCfg = Debug|Any CPU
		{E6B900FB-8537-4182-847B-E30F668D79D0}.Debug|Any CPU.Build.0 = Debug|Any CPU
		{E6B900FB-8537-4182-847B-E30F668D79D0}.Release|Any CPU.ActiveCfg = Release|Any CPU
		{E6B900FB-8537-4182-847B-E30F668D79D0}.Release|Any CPU.Build.0 = Release|Any CPU
	EndGlobalSection
	GlobalSection(SolutionProperties) = preSolution
		HideSolutionNode = FALSE
	EndGlobalSection
	GlobalSection(NestedProjects) = preSolution
		{1C9B9AEB-AA62-4B05-BD3E-85D4CC78C249} = {FDB130B4-BC2A-4199-B43A-52CF210BF9DB}
		{F99C094B-7700-4B99-982D-C0BC262FCD3D} = {FDB130B4-BC2A-4199-B43A-52CF210BF9DB}
		{5FDADCA1-A128-413A-B9D6-4FFE8712806C} = {FDB130B4-BC2A-4199-B43A-52CF210BF9DB}
		{174A7F95-6EDF-4202-938C-9B8EE3F83AAD} = {D677BC79-64FE-4507-94B9-624D2D7DEA71}
		{DF36CA78-0335-4777-9D86-98704E2FE70A} = {D677BC79-64FE-4507-94B9-624D2D7DEA71}
		{1D72FB2F-D0C7-4DCC-A838-0BC9D6A8C1F2} = {D677BC79-64FE-4507-94B9-624D2D7DEA71}
		{C4737E9B-1507-45FA-A040-FBE7B2A45809} = {8F890D94-7439-4F34-B075-0A176803B9BA}
		{BE26A883-A913-423B-8EC7-89AE42B6FCB4} = {8F890D94-7439-4F34-B075-0A176803B9BA}
		{EC7CA058-D4F6-46D6-BFCE-B0ABE1970DEE} = {8F890D94-7439-4F34-B075-0A176803B9BA}
		{D4664821-EDDC-407A-82EA-E024C7FC4F9D} = {BA1EBFF3-FDF8-43D6-AF88-12BDA6EC9736}
		{031E6EAC-EC0E-40EA-9899-2F04240E2226} = {BA1EBFF3-FDF8-43D6-AF88-12BDA6EC9736}
		{DAFA38A2-4793-48E2-BBB1-189A4F277A05} = {BA1EBFF3-FDF8-43D6-AF88-12BDA6EC9736}
		{3091EA42-864B-4EDC-85FB-58FF93574248} = {870E890E-BE8F-4B80-84D8-A91AC9348836}
		{72E99445-28A4-4D26-91E6-BFFE057ACB4C} = {870E890E-BE8F-4B80-84D8-A91AC9348836}
		{4136073E-B3A6-4DA1-B334-2A0E5F5DC779} = {870E890E-BE8F-4B80-84D8-A91AC9348836}
		{01586F1A-B35E-466D-B81A-2F97B9F2CB37} = {79B72B48-BD33-418A-8230-F91C1C548012}
		{757E998B-7704-465D-AB8B-EA678DA002C6} = {79B72B48-BD33-418A-8230-F91C1C548012}
		{CB7320A0-A3FB-4285-B92C-580EBA57C2AD} = {79B72B48-BD33-418A-8230-F91C1C548012}
		{9FBE28CD-72A2-41AF-97FD-00A30402B97B} = {3EF9134E-2F0C-4D8E-94FB-90D1D143E8AE}
		{CA859B8B-2114-4C7F-B1C7-EEF82B8BA63E} = {3EF9134E-2F0C-4D8E-94FB-90D1D143E8AE}
		{106509DD-C373-47A2-A2FF-AD27693613CE} = {3EF9134E-2F0C-4D8E-94FB-90D1D143E8AE}
		{E577D489-2CF7-4E31-9193-1046B04B9BCF} = {D95DD160-F5DF-40E0-9668-E15BE590046D}
		{02A355B4-AD8F-4100-8342-AB9BD2DB408D} = {D95DD160-F5DF-40E0-9668-E15BE590046D}
		{E6B900FB-8537-4182-847B-E30F668D79D0} = {D95DD160-F5DF-40E0-9668-E15BE590046D}
	EndGlobalSection
	GlobalSection(ExtensibilityGlobals) = postSolution
		SolutionGuid = {93882EA1-FAA4-45C5-A680-C24E209AC936}
	EndGlobalSection
EndGlobal
